// !$*UTF8*$!
{
	archiveVersion = 1;
	classes = {
	};
	objectVersion = 56;
	objects = {

/* Begin PBXBuildFile section */
		94AF6EE82BC3D32900A04496 /* VacancyCardView.swift in Sources */ = {isa = PBXBuildFile; fileRef = 94AF6EE72BC3D32900A04496 /* VacancyCardView.swift */; };
		94D69A782BC1334C0076C949 /* effectmobApp.swift in Sources */ = {isa = PBXBuildFile; fileRef = 94D69A772BC1334C0076C949 /* effectmobApp.swift */; };
		94D69A7A2BC1334C0076C949 /* ContentView.swift in Sources */ = {isa = PBXBuildFile; fileRef = 94D69A792BC1334C0076C949 /* ContentView.swift */; };
		94D69A7C2BC1334E0076C949 /* Assets.xcassets in Resources */ = {isa = PBXBuildFile; fileRef = 94D69A7B2BC1334E0076C949 /* Assets.xcassets */; };
		94D69A7F2BC1334E0076C949 /* Preview Assets.xcassets in Resources */ = {isa = PBXBuildFile; fileRef = 94D69A7E2BC1334E0076C949 /* Preview Assets.xcassets */; };
		94D69A862BC135090076C949 /* CoordinatorApp.swift in Sources */ = {isa = PBXBuildFile; fileRef = 94D69A852BC135090076C949 /* CoordinatorApp.swift */; };
		94D69A882BC135AC0076C949 /* AppCoordinator.swift in Sources */ = {isa = PBXBuildFile; fileRef = 94D69A872BC135AC0076C949 /* AppCoordinator.swift */; };
		94D69A8A2BC135F40076C949 /* HomeView.swift in Sources */ = {isa = PBXBuildFile; fileRef = 94D69A892BC135F40076C949 /* HomeView.swift */; };
		94D69A8F2BC1365B0076C949 /* UserFlowCoordinator.swift in Sources */ = {isa = PBXBuildFile; fileRef = 94D69A8E2BC1365B0076C949 /* UserFlowCoordinator.swift */; };
		94D69A912BC1366E0076C949 /* UserListView.swift in Sources */ = {isa = PBXBuildFile; fileRef = 94D69A902BC1366E0076C949 /* UserListView.swift */; };
		94D69A932BC1367C0076C949 /* UserListViewModel.swift in Sources */ = {isa = PBXBuildFile; fileRef = 94D69A922BC1367C0076C949 /* UserListViewModel.swift */; };
		94D69A952BC136870076C949 /* User.swift in Sources */ = {isa = PBXBuildFile; fileRef = 94D69A942BC136870076C949 /* User.swift */; };
		94D69A972BC136B90076C949 /* UserDetailsView.swift in Sources */ = {isa = PBXBuildFile; fileRef = 94D69A962BC136B90076C949 /* UserDetailsView.swift */; };
		94D69A992BC136CB0076C949 /* UserDetailViewModel.swift in Sources */ = {isa = PBXBuildFile; fileRef = 94D69A982BC136CB0076C949 /* UserDetailViewModel.swift */; };
		94D69A9B2BC136D70076C949 /* Profile.swift in Sources */ = {isa = PBXBuildFile; fileRef = 94D69A9A2BC136D70076C949 /* Profile.swift */; };
		94D69AA02BC13C210076C949 /* LoginFlowCoordinator.swift in Sources */ = {isa = PBXBuildFile; fileRef = 94D69A9F2BC13C210076C949 /* LoginFlowCoordinator.swift */; };
		94D69AA22BC13C9F0076C949 /* EnterEmailView.swift in Sources */ = {isa = PBXBuildFile; fileRef = 94D69AA12BC13C9F0076C949 /* EnterEmailView.swift */; };
		94D69AA42BC13D090076C949 /* EnterEmailViewModel.swift in Sources */ = {isa = PBXBuildFile; fileRef = 94D69AA32BC13D090076C949 /* EnterEmailViewModel.swift */; };
		94D69AB52BC152C00076C949 /* Color+extensions.swift in Sources */ = {isa = PBXBuildFile; fileRef = 94D69AB42BC152C00076C949 /* Color+extensions.swift */; };
		94D69AB72BC158380076C949 /* EnterEmailTextField.swift in Sources */ = {isa = PBXBuildFile; fileRef = 94D69AB62BC158380076C949 /* EnterEmailTextField.swift */; };
		94D69ABA2BC165EA0076C949 /* EnterEmailModulView.swift in Sources */ = {isa = PBXBuildFile; fileRef = 94D69AB92BC165EA0076C949 /* EnterEmailModulView.swift */; };
		94D69ABC2BC170220076C949 /* String+extensions.swift in Sources */ = {isa = PBXBuildFile; fileRef = 94D69ABB2BC170220076C949 /* String+extensions.swift */; };
		94D69ABE2BC1827F0076C949 /* FindEmployeesModulView.swift in Sources */ = {isa = PBXBuildFile; fileRef = 94D69ABD2BC1827F0076C949 /* FindEmployeesModulView.swift */; };
		94D69AC02BC185FD0076C949 /* ConfirmEmailView.swift in Sources */ = {isa = PBXBuildFile; fileRef = 94D69ABF2BC185FD0076C949 /* ConfirmEmailView.swift */; };
		94D69AC22BC18AC90076C949 /* EnterConfirmNumberTextField.swift in Sources */ = {isa = PBXBuildFile; fileRef = 94D69AC12BC18AC90076C949 /* EnterConfirmNumberTextField.swift */; };
		94D69AC42BC1B0330076C949 /* Character+extensions.swift in Sources */ = {isa = PBXBuildFile; fileRef = 94D69AC32BC1B0330076C949 /* Character+extensions.swift */; };
		94D69ACA2BC298BB0076C949 /* ConfirmEmailViewModel.swift in Sources */ = {isa = PBXBuildFile; fileRef = 94D69AC92BC298BB0076C949 /* ConfirmEmailViewModel.swift */; };
		94D69ACC2BC2A5100076C949 /* ConfirmEmailModulView.swift in Sources */ = {isa = PBXBuildFile; fileRef = 94D69ACB2BC2A5100076C949 /* ConfirmEmailModulView.swift */; };
		94D69ACE2BC2A8F60076C949 /* UserLoginData.swift in Sources */ = {isa = PBXBuildFile; fileRef = 94D69ACD2BC2A8F50076C949 /* UserLoginData.swift */; };
		94D69AD12BC2D1450076C949 /* FinderFlowCoordinator.swift in Sources */ = {isa = PBXBuildFile; fileRef = 94D69AD02BC2D1450076C949 /* FinderFlowCoordinator.swift */; };
		94D69AD42BC2D2E50076C949 /* Models.swift in Sources */ = {isa = PBXBuildFile; fileRef = 94D69AD32BC2D2E50076C949 /* Models.swift */; };
		94D69AD92BC2D55E0076C949 /* dataFromServer.json in Resources */ = {isa = PBXBuildFile; fileRef = 94D69AD82BC2D55E0076C949 /* dataFromServer.json */; };
		94D69ADC2BC2D5B70076C949 /* NetworkService.swift in Sources */ = {isa = PBXBuildFile; fileRef = 94D69ADB2BC2D5B70076C949 /* NetworkService.swift */; };
		94D69ADE2BC2DD930076C949 /* JobFeedView.swift in Sources */ = {isa = PBXBuildFile; fileRef = 94D69ADD2BC2DD930076C949 /* JobFeedView.swift */; };
		94D69AE02BC2DDA20076C949 /* JobFeedViewModel.swift in Sources */ = {isa = PBXBuildFile; fileRef = 94D69ADF2BC2DDA20076C949 /* JobFeedViewModel.swift */; };
		94D69AE22BC2DDC80076C949 /* VacancyFeedModulView.swift in Sources */ = {isa = PBXBuildFile; fileRef = 94D69AE12BC2DDC80076C949 /* VacancyFeedModulView.swift */; };
		94D69AE52BC2E5FB0076C949 /* DismissingKeyboard.swift in Sources */ = {isa = PBXBuildFile; fileRef = 94D69AE42BC2E5FB0076C949 /* DismissingKeyboard.swift */; };
		94D69AE72BC2E9B80076C949 /* SuggestionView.swift in Sources */ = {isa = PBXBuildFile; fileRef = 94D69AE62BC2E9B80076C949 /* SuggestionView.swift */; };
/* End PBXBuildFile section */

/* Begin PBXFileReference section */
		94AF6EE72BC3D32900A04496 /* VacancyCardView.swift */ = {isa = PBXFileReference; lastKnownFileType = sourcecode.swift; path = VacancyCardView.swift; sourceTree = "<group>"; };
		94D69A742BC1334C0076C949 /* effectmob.app */ = {isa = PBXFileReference; explicitFileType = wrapper.application; includeInIndex = 0; path = effectmob.app; sourceTree = BUILT_PRODUCTS_DIR; };
		94D69A772BC1334C0076C949 /* effectmobApp.swift */ = {isa = PBXFileReference; lastKnownFileType = sourcecode.swift; path = effectmobApp.swift; sourceTree = "<group>"; };
		94D69A792BC1334C0076C949 /* ContentView.swift */ = {isa = PBXFileReference; lastKnownFileType = sourcecode.swift; path = ContentView.swift; sourceTree = "<group>"; };
		94D69A7B2BC1334E0076C949 /* Assets.xcassets */ = {isa = PBXFileReference; lastKnownFileType = folder.assetcatalog; path = Assets.xcassets; sourceTree = "<group>"; };
		94D69A7E2BC1334E0076C949 /* Preview Assets.xcassets */ = {isa = PBXFileReference; lastKnownFileType = folder.assetcatalog; path = "Preview Assets.xcassets"; sourceTree = "<group>"; };
		94D69A852BC135090076C949 /* CoordinatorApp.swift */ = {isa = PBXFileReference; lastKnownFileType = sourcecode.swift; path = CoordinatorApp.swift; sourceTree = "<group>"; };
		94D69A872BC135AC0076C949 /* AppCoordinator.swift */ = {isa = PBXFileReference; lastKnownFileType = sourcecode.swift; path = AppCoordinator.swift; sourceTree = "<group>"; };
		94D69A892BC135F40076C949 /* HomeView.swift */ = {isa = PBXFileReference; lastKnownFileType = sourcecode.swift; path = HomeView.swift; sourceTree = "<group>"; };
		94D69A8E2BC1365B0076C949 /* UserFlowCoordinator.swift */ = {isa = PBXFileReference; lastKnownFileType = sourcecode.swift; path = UserFlowCoordinator.swift; sourceTree = "<group>"; };
		94D69A902BC1366E0076C949 /* UserListView.swift */ = {isa = PBXFileReference; lastKnownFileType = sourcecode.swift; path = UserListView.swift; sourceTree = "<group>"; };
		94D69A922BC1367C0076C949 /* UserListViewModel.swift */ = {isa = PBXFileReference; lastKnownFileType = sourcecode.swift; path = UserListViewModel.swift; sourceTree = "<group>"; };
		94D69A942BC136870076C949 /* User.swift */ = {isa = PBXFileReference; lastKnownFileType = sourcecode.swift; path = User.swift; sourceTree = "<group>"; };
		94D69A962BC136B90076C949 /* UserDetailsView.swift */ = {isa = PBXFileReference; lastKnownFileType = sourcecode.swift; path = UserDetailsView.swift; sourceTree = "<group>"; };
		94D69A982BC136CB0076C949 /* UserDetailViewModel.swift */ = {isa = PBXFileReference; lastKnownFileType = sourcecode.swift; path = UserDetailViewModel.swift; sourceTree = "<group>"; };
		94D69A9A2BC136D70076C949 /* Profile.swift */ = {isa = PBXFileReference; lastKnownFileType = sourcecode.swift; path = Profile.swift; sourceTree = "<group>"; };
		94D69A9F2BC13C210076C949 /* LoginFlowCoordinator.swift */ = {isa = PBXFileReference; lastKnownFileType = sourcecode.swift; path = LoginFlowCoordinator.swift; sourceTree = "<group>"; };
		94D69AA12BC13C9F0076C949 /* EnterEmailView.swift */ = {isa = PBXFileReference; lastKnownFileType = sourcecode.swift; path = EnterEmailView.swift; sourceTree = "<group>"; };
		94D69AA32BC13D090076C949 /* EnterEmailViewModel.swift */ = {isa = PBXFileReference; lastKnownFileType = sourcecode.swift; path = EnterEmailViewModel.swift; sourceTree = "<group>"; };
		94D69AB42BC152C00076C949 /* Color+extensions.swift */ = {isa = PBXFileReference; lastKnownFileType = sourcecode.swift; path = "Color+extensions.swift"; sourceTree = "<group>"; };
		94D69AB62BC158380076C949 /* EnterEmailTextField.swift */ = {isa = PBXFileReference; lastKnownFileType = sourcecode.swift; path = EnterEmailTextField.swift; sourceTree = "<group>"; };
		94D69AB92BC165EA0076C949 /* EnterEmailModulView.swift */ = {isa = PBXFileReference; lastKnownFileType = sourcecode.swift; path = EnterEmailModulView.swift; sourceTree = "<group>"; };
		94D69ABB2BC170220076C949 /* String+extensions.swift */ = {isa = PBXFileReference; lastKnownFileType = sourcecode.swift; path = "String+extensions.swift"; sourceTree = "<group>"; };
		94D69ABD2BC1827F0076C949 /* FindEmployeesModulView.swift */ = {isa = PBXFileReference; lastKnownFileType = sourcecode.swift; path = FindEmployeesModulView.swift; sourceTree = "<group>"; };
		94D69ABF2BC185FD0076C949 /* ConfirmEmailView.swift */ = {isa = PBXFileReference; lastKnownFileType = sourcecode.swift; path = ConfirmEmailView.swift; sourceTree = "<group>"; };
		94D69AC12BC18AC90076C949 /* EnterConfirmNumberTextField.swift */ = {isa = PBXFileReference; lastKnownFileType = sourcecode.swift; path = EnterConfirmNumberTextField.swift; sourceTree = "<group>"; };
		94D69AC32BC1B0330076C949 /* Character+extensions.swift */ = {isa = PBXFileReference; lastKnownFileType = sourcecode.swift; path = "Character+extensions.swift"; sourceTree = "<group>"; };
		94D69AC92BC298BB0076C949 /* ConfirmEmailViewModel.swift */ = {isa = PBXFileReference; lastKnownFileType = sourcecode.swift; path = ConfirmEmailViewModel.swift; sourceTree = "<group>"; };
		94D69ACB2BC2A5100076C949 /* ConfirmEmailModulView.swift */ = {isa = PBXFileReference; lastKnownFileType = sourcecode.swift; path = ConfirmEmailModulView.swift; sourceTree = "<group>"; };
		94D69ACD2BC2A8F50076C949 /* UserLoginData.swift */ = {isa = PBXFileReference; lastKnownFileType = sourcecode.swift; path = UserLoginData.swift; sourceTree = "<group>"; };
		94D69AD02BC2D1450076C949 /* FinderFlowCoordinator.swift */ = {isa = PBXFileReference; lastKnownFileType = sourcecode.swift; path = FinderFlowCoordinator.swift; sourceTree = "<group>"; };
		94D69AD32BC2D2E50076C949 /* Models.swift */ = {isa = PBXFileReference; lastKnownFileType = sourcecode.swift; path = Models.swift; sourceTree = "<group>"; };
		94D69AD82BC2D55E0076C949 /* dataFromServer.json */ = {isa = PBXFileReference; fileEncoding = 4; lastKnownFileType = text.json; path = dataFromServer.json; sourceTree = "<group>"; };
		94D69ADB2BC2D5B70076C949 /* NetworkService.swift */ = {isa = PBXFileReference; lastKnownFileType = sourcecode.swift; path = NetworkService.swift; sourceTree = "<group>"; };
		94D69ADD2BC2DD930076C949 /* JobFeedView.swift */ = {isa = PBXFileReference; lastKnownFileType = sourcecode.swift; path = JobFeedView.swift; sourceTree = "<group>"; };
		94D69ADF2BC2DDA20076C949 /* JobFeedViewModel.swift */ = {isa = PBXFileReference; lastKnownFileType = sourcecode.swift; path = JobFeedViewModel.swift; sourceTree = "<group>"; };
		94D69AE12BC2DDC80076C949 /* VacancyFeedModulView.swift */ = {isa = PBXFileReference; lastKnownFileType = sourcecode.swift; path = VacancyFeedModulView.swift; sourceTree = "<group>"; };
		94D69AE42BC2E5FB0076C949 /* DismissingKeyboard.swift */ = {isa = PBXFileReference; lastKnownFileType = sourcecode.swift; path = DismissingKeyboard.swift; sourceTree = "<group>"; };
		94D69AE62BC2E9B80076C949 /* SuggestionView.swift */ = {isa = PBXFileReference; lastKnownFileType = sourcecode.swift; path = SuggestionView.swift; sourceTree = "<group>"; };
/* End PBXFileReference section */

/* Begin PBXFrameworksBuildPhase section */
		94D69A712BC1334C0076C949 /* Frameworks */ = {
			isa = PBXFrameworksBuildPhase;
			buildActionMask = 2147483647;
			files = (
			);
			runOnlyForDeploymentPostprocessing = 0;
		};
/* End PBXFrameworksBuildPhase section */

/* Begin PBXGroup section */
		94D69A6B2BC1334C0076C949 = {
			isa = PBXGroup;
			children = (
				94D69A762BC1334C0076C949 /* effectmob */,
				94D69A752BC1334C0076C949 /* Products */,
			);
			sourceTree = "<group>";
		};
		94D69A752BC1334C0076C949 /* Products */ = {
			isa = PBXGroup;
			children = (
				94D69A742BC1334C0076C949 /* effectmob.app */,
			);
			name = Products;
			sourceTree = "<group>";
		};
		94D69A762BC1334C0076C949 /* effectmob */ = {
			isa = PBXGroup;
			children = (
				94D69A772BC1334C0076C949 /* effectmobApp.swift */,
				94D69AE32BC2E5ED0076C949 /* ViewModifiers */,
				94D69ADA2BC2D58E0076C949 /* NetworkService */,
				94D69AD52BC2D4A70076C949 /* Resources */,
				94D69AD22BC2D2DA0076C949 /* Models */,
				94D69ACF2BC2D0EA0076C949 /* Finder */,
				94D69AB32BC152AE0076C949 /* Extensions */,
				94D69A9E2BC13C050076C949 /* Login */,
				94D69A9D2BC13AC20076C949 /* Home */,
				94D69A9C2BC13AB70076C949 /* App */,
				94D69A8B2BC136230076C949 /* User */,
				94D69A7B2BC1334E0076C949 /* Assets.xcassets */,
				94D69A7D2BC1334E0076C949 /* Preview Content */,
			);
			path = effectmob;
			sourceTree = "<group>";
		};
		94D69A7D2BC1334E0076C949 /* Preview Content */ = {
			isa = PBXGroup;
			children = (
				94D69A7E2BC1334E0076C949 /* Preview Assets.xcassets */,
			);
			path = "Preview Content";
			sourceTree = "<group>";
		};
		94D69A8B2BC136230076C949 /* User */ = {
			isa = PBXGroup;
			children = (
				94D69A8E2BC1365B0076C949 /* UserFlowCoordinator.swift */,
				94D69A8C2BC136300076C949 /* UserList */,
				94D69A8D2BC1363A0076C949 /* UserDetails */,
			);
			path = User;
			sourceTree = "<group>";
		};
		94D69A8C2BC136300076C949 /* UserList */ = {
			isa = PBXGroup;
			children = (
				94D69A902BC1366E0076C949 /* UserListView.swift */,
				94D69A922BC1367C0076C949 /* UserListViewModel.swift */,
				94D69A942BC136870076C949 /* User.swift */,
			);
			path = UserList;
			sourceTree = "<group>";
		};
		94D69A8D2BC1363A0076C949 /* UserDetails */ = {
			isa = PBXGroup;
			children = (
				94D69A962BC136B90076C949 /* UserDetailsView.swift */,
				94D69A982BC136CB0076C949 /* UserDetailViewModel.swift */,
				94D69A9A2BC136D70076C949 /* Profile.swift */,
			);
			path = UserDetails;
			sourceTree = "<group>";
		};
		94D69A9C2BC13AB70076C949 /* App */ = {
			isa = PBXGroup;
			children = (
				94D69A852BC135090076C949 /* CoordinatorApp.swift */,
				94D69A872BC135AC0076C949 /* AppCoordinator.swift */,
				94D69A792BC1334C0076C949 /* ContentView.swift */,
			);
			path = App;
			sourceTree = "<group>";
		};
		94D69A9D2BC13AC20076C949 /* Home */ = {
			isa = PBXGroup;
			children = (
				94D69A892BC135F40076C949 /* HomeView.swift */,
			);
			path = Home;
			sourceTree = "<group>";
		};
		94D69A9E2BC13C050076C949 /* Login */ = {
			isa = PBXGroup;
			children = (
				94D69A9F2BC13C210076C949 /* LoginFlowCoordinator.swift */,
				94D69AC72BC2982C0076C949 /* EnterEmail */,
				94D69AC82BC298440076C949 /* ConfirmEmail */,
				94D69ACD2BC2A8F50076C949 /* UserLoginData.swift */,
			);
			path = Login;
			sourceTree = "<group>";
		};
		94D69AB32BC152AE0076C949 /* Extensions */ = {
			isa = PBXGroup;
			children = (
				94D69AB42BC152C00076C949 /* Color+extensions.swift */,
				94D69ABB2BC170220076C949 /* String+extensions.swift */,
				94D69AC32BC1B0330076C949 /* Character+extensions.swift */,
			);
			path = Extensions;
			sourceTree = "<group>";
		};
		94D69AC72BC2982C0076C949 /* EnterEmail */ = {
			isa = PBXGroup;
			children = (
				94D69AA12BC13C9F0076C949 /* EnterEmailView.swift */,
				94D69AA32BC13D090076C949 /* EnterEmailViewModel.swift */,
				94D69AB62BC158380076C949 /* EnterEmailTextField.swift */,
				94D69AB92BC165EA0076C949 /* EnterEmailModulView.swift */,
				94D69ABD2BC1827F0076C949 /* FindEmployeesModulView.swift */,
			);
			path = EnterEmail;
			sourceTree = "<group>";
		};
		94D69AC82BC298440076C949 /* ConfirmEmail */ = {
			isa = PBXGroup;
			children = (
				94D69AC12BC18AC90076C949 /* EnterConfirmNumberTextField.swift */,
				94D69ABF2BC185FD0076C949 /* ConfirmEmailView.swift */,
				94D69AC92BC298BB0076C949 /* ConfirmEmailViewModel.swift */,
				94D69ACB2BC2A5100076C949 /* ConfirmEmailModulView.swift */,
			);
			path = ConfirmEmail;
			sourceTree = "<group>";
		};
		94D69ACF2BC2D0EA0076C949 /* Finder */ = {
			isa = PBXGroup;
			children = (
				94D69AD02BC2D1450076C949 /* FinderFlowCoordinator.swift */,
				94D69ADD2BC2DD930076C949 /* JobFeedView.swift */,
				94D69ADF2BC2DDA20076C949 /* JobFeedViewModel.swift */,
				94D69AE12BC2DDC80076C949 /* VacancyFeedModulView.swift */,
				94D69AE62BC2E9B80076C949 /* SuggestionView.swift */,
				94AF6EE72BC3D32900A04496 /* VacancyCardView.swift */,
			);
			path = Finder;
			sourceTree = "<group>";
		};
		94D69AD22BC2D2DA0076C949 /* Models */ = {
			isa = PBXGroup;
			children = (
				94D69AD32BC2D2E50076C949 /* Models.swift */,
			);
			path = Models;
			sourceTree = "<group>";
		};
		94D69AD52BC2D4A70076C949 /* Resources */ = {
			isa = PBXGroup;
			children = (
				94D69AD82BC2D55E0076C949 /* dataFromServer.json */,
			);
			path = Resources;
			sourceTree = "<group>";
		};
		94D69ADA2BC2D58E0076C949 /* NetworkService */ = {
			isa = PBXGroup;
			children = (
				94D69ADB2BC2D5B70076C949 /* NetworkService.swift */,
			);
			path = NetworkService;
			sourceTree = "<group>";
		};
		94D69AE32BC2E5ED0076C949 /* ViewModifiers */ = {
			isa = PBXGroup;
			children = (
				94D69AE42BC2E5FB0076C949 /* DismissingKeyboard.swift */,
			);
			path = ViewModifiers;
			sourceTree = "<group>";
		};
/* End PBXGroup section */

/* Begin PBXNativeTarget section */
		94D69A732BC1334C0076C949 /* effectmob */ = {
			isa = PBXNativeTarget;
			buildConfigurationList = 94D69A822BC1334E0076C949 /* Build configuration list for PBXNativeTarget "effectmob" */;
			buildPhases = (
				94D69A702BC1334C0076C949 /* Sources */,
				94D69A712BC1334C0076C949 /* Frameworks */,
				94D69A722BC1334C0076C949 /* Resources */,
			);
			buildRules = (
			);
			dependencies = (
			);
			name = effectmob;
			productName = effectmob;
			productReference = 94D69A742BC1334C0076C949 /* effectmob.app */;
			productType = "com.apple.product-type.application";
		};
/* End PBXNativeTarget section */

/* Begin PBXProject section */
		94D69A6C2BC1334C0076C949 /* Project object */ = {
			isa = PBXProject;
			attributes = {
				BuildIndependentTargetsInParallel = 1;
				LastSwiftUpdateCheck = 1510;
				LastUpgradeCheck = 1510;
				TargetAttributes = {
					94D69A732BC1334C0076C949 = {
						CreatedOnToolsVersion = 15.1;
					};
				};
			};
			buildConfigurationList = 94D69A6F2BC1334C0076C949 /* Build configuration list for PBXProject "effectmob" */;
			compatibilityVersion = "Xcode 14.0";
			developmentRegion = en;
			hasScannedForEncodings = 0;
			knownRegions = (
				en,
				Base,
			);
			mainGroup = 94D69A6B2BC1334C0076C949;
			productRefGroup = 94D69A752BC1334C0076C949 /* Products */;
			projectDirPath = "";
			projectRoot = "";
			targets = (
				94D69A732BC1334C0076C949 /* effectmob */,
			);
		};
/* End PBXProject section */

/* Begin PBXResourcesBuildPhase section */
		94D69A722BC1334C0076C949 /* Resources */ = {
			isa = PBXResourcesBuildPhase;
			buildActionMask = 2147483647;
			files = (
				94D69AD92BC2D55E0076C949 /* dataFromServer.json in Resources */,
				94D69A7F2BC1334E0076C949 /* Preview Assets.xcassets in Resources */,
				94D69A7C2BC1334E0076C949 /* Assets.xcassets in Resources */,
			);
			runOnlyForDeploymentPostprocessing = 0;
		};
/* End PBXResourcesBuildPhase section */

/* Begin PBXSourcesBuildPhase section */
		94D69A702BC1334C0076C949 /* Sources */ = {
			isa = PBXSourcesBuildPhase;
			buildActionMask = 2147483647;
			files = (
				94D69AC22BC18AC90076C949 /* EnterConfirmNumberTextField.swift in Sources */,
				94D69A972BC136B90076C949 /* UserDetailsView.swift in Sources */,
				94D69AE72BC2E9B80076C949 /* SuggestionView.swift in Sources */,
				94D69A9B2BC136D70076C949 /* Profile.swift in Sources */,
				94D69A912BC1366E0076C949 /* UserListView.swift in Sources */,
				94D69AB52BC152C00076C949 /* Color+extensions.swift in Sources */,
				94D69ABC2BC170220076C949 /* String+extensions.swift in Sources */,
				94D69AD12BC2D1450076C949 /* FinderFlowCoordinator.swift in Sources */,
				94D69ACC2BC2A5100076C949 /* ConfirmEmailModulView.swift in Sources */,
				94D69A932BC1367C0076C949 /* UserListViewModel.swift in Sources */,
				94D69A992BC136CB0076C949 /* UserDetailViewModel.swift in Sources */,
				94D69AE22BC2DDC80076C949 /* VacancyFeedModulView.swift in Sources */,
				94D69A862BC135090076C949 /* CoordinatorApp.swift in Sources */,
				94D69AB72BC158380076C949 /* EnterEmailTextField.swift in Sources */,
				94D69AA02BC13C210076C949 /* LoginFlowCoordinator.swift in Sources */,
				94D69AE02BC2DDA20076C949 /* JobFeedViewModel.swift in Sources */,
				94D69ACE2BC2A8F60076C949 /* UserLoginData.swift in Sources */,
				94D69A882BC135AC0076C949 /* AppCoordinator.swift in Sources */,
				94D69ACA2BC298BB0076C949 /* ConfirmEmailViewModel.swift in Sources */,
				94D69AA42BC13D090076C949 /* EnterEmailViewModel.swift in Sources */,
				94D69AC42BC1B0330076C949 /* Character+extensions.swift in Sources */,
				94D69AC02BC185FD0076C949 /* ConfirmEmailView.swift in Sources */,
				94D69AA22BC13C9F0076C949 /* EnterEmailView.swift in Sources */,
				94D69A7A2BC1334C0076C949 /* ContentView.swift in Sources */,
				94D69A952BC136870076C949 /* User.swift in Sources */,
				94D69ADE2BC2DD930076C949 /* JobFeedView.swift in Sources */,
				94D69A8F2BC1365B0076C949 /* UserFlowCoordinator.swift in Sources */,
				94D69ABE2BC1827F0076C949 /* FindEmployeesModulView.swift in Sources */,
				94D69A8A2BC135F40076C949 /* HomeView.swift in Sources */,
				94D69A782BC1334C0076C949 /* effectmobApp.swift in Sources */,
				94AF6EE82BC3D32900A04496 /* VacancyCardView.swift in Sources */,
				94D69ADC2BC2D5B70076C949 /* NetworkService.swift in Sources */,
				94D69ABA2BC165EA0076C949 /* EnterEmailModulView.swift in Sources */,
				94D69AE52BC2E5FB0076C949 /* DismissingKeyboard.swift in Sources */,
				94D69AD42BC2D2E50076C949 /* Models.swift in Sources */,
			);
			runOnlyForDeploymentPostprocessing = 0;
		};
/* End PBXSourcesBuildPhase section */

/* Begin XCBuildConfiguration section */
		94D69A802BC1334E0076C949 /* Debug */ = {
			isa = XCBuildConfiguration;
			buildSettings = {
				ALWAYS_SEARCH_USER_PATHS = NO;
				ASSETCATALOG_COMPILER_GENERATE_SWIFT_ASSET_SYMBOL_EXTENSIONS = YES;
				CLANG_ANALYZER_NONNULL = YES;
				CLANG_ANALYZER_NUMBER_OBJECT_CONVERSION = YES_AGGRESSIVE;
				CLANG_CXX_LANGUAGE_STANDARD = "gnu++20";
				CLANG_ENABLE_MODULES = YES;
				CLANG_ENABLE_OBJC_ARC = YES;
				CLANG_ENABLE_OBJC_WEAK = YES;
				CLANG_WARN_BLOCK_CAPTURE_AUTORELEASING = YES;
				CLANG_WARN_BOOL_CONVERSION = YES;
				CLANG_WARN_COMMA = YES;
				CLANG_WARN_CONSTANT_CONVERSION = YES;
				CLANG_WARN_DEPRECATED_OBJC_IMPLEMENTATIONS = YES;
				CLANG_WARN_DIRECT_OBJC_ISA_USAGE = YES_ERROR;
				CLANG_WARN_DOCUMENTATION_COMMENTS = YES;
				CLANG_WARN_EMPTY_BODY = YES;
				CLANG_WARN_ENUM_CONVERSION = YES;
				CLANG_WARN_INFINITE_RECURSION = YES;
				CLANG_WARN_INT_CONVERSION = YES;
				CLANG_WARN_NON_LITERAL_NULL_CONVERSION = YES;
				CLANG_WARN_OBJC_IMPLICIT_RETAIN_SELF = YES;
				CLANG_WARN_OBJC_LITERAL_CONVERSION = YES;
				CLANG_WARN_OBJC_ROOT_CLASS = YES_ERROR;
				CLANG_WARN_QUOTED_INCLUDE_IN_FRAMEWORK_HEADER = YES;
				CLANG_WARN_RANGE_LOOP_ANALYSIS = YES;
				CLANG_WARN_STRICT_PROTOTYPES = YES;
				CLANG_WARN_SUSPICIOUS_MOVE = YES;
				CLANG_WARN_UNGUARDED_AVAILABILITY = YES_AGGRESSIVE;
				CLANG_WARN_UNREACHABLE_CODE = YES;
				CLANG_WARN__DUPLICATE_METHOD_MATCH = YES;
				COPY_PHASE_STRIP = NO;
				DEBUG_INFORMATION_FORMAT = dwarf;
				ENABLE_STRICT_OBJC_MSGSEND = YES;
				ENABLE_TESTABILITY = YES;
				ENABLE_USER_SCRIPT_SANDBOXING = YES;
				GCC_C_LANGUAGE_STANDARD = gnu17;
				GCC_DYNAMIC_NO_PIC = NO;
				GCC_NO_COMMON_BLOCKS = YES;
				GCC_OPTIMIZATION_LEVEL = 0;
				GCC_PREPROCESSOR_DEFINITIONS = (
					"DEBUG=1",
					"$(inherited)",
				);
				GCC_WARN_64_TO_32_BIT_CONVERSION = YES;
				GCC_WARN_ABOUT_RETURN_TYPE = YES_ERROR;
				GCC_WARN_UNDECLARED_SELECTOR = YES;
				GCC_WARN_UNINITIALIZED_AUTOS = YES_AGGRESSIVE;
				GCC_WARN_UNUSED_FUNCTION = YES;
				GCC_WARN_UNUSED_VARIABLE = YES;
				IPHONEOS_DEPLOYMENT_TARGET = 17.2;
				LOCALIZATION_PREFERS_STRING_CATALOGS = YES;
				MTL_ENABLE_DEBUG_INFO = INCLUDE_SOURCE;
				MTL_FAST_MATH = YES;
				ONLY_ACTIVE_ARCH = YES;
				SDKROOT = iphoneos;
				SWIFT_ACTIVE_COMPILATION_CONDITIONS = "DEBUG $(inherited)";
				SWIFT_OPTIMIZATION_LEVEL = "-Onone";
			};
			name = Debug;
		};
		94D69A812BC1334E0076C949 /* Release */ = {
			isa = XCBuildConfiguration;
			buildSettings = {
				ALWAYS_SEARCH_USER_PATHS = NO;
				ASSETCATALOG_COMPILER_GENERATE_SWIFT_ASSET_SYMBOL_EXTENSIONS = YES;
				CLANG_ANALYZER_NONNULL = YES;
				CLANG_ANALYZER_NUMBER_OBJECT_CONVERSION = YES_AGGRESSIVE;
				CLANG_CXX_LANGUAGE_STANDARD = "gnu++20";
				CLANG_ENABLE_MODULES = YES;
				CLANG_ENABLE_OBJC_ARC = YES;
				CLANG_ENABLE_OBJC_WEAK = YES;
				CLANG_WARN_BLOCK_CAPTURE_AUTORELEASING = YES;
				CLANG_WARN_BOOL_CONVERSION = YES;
				CLANG_WARN_COMMA = YES;
				CLANG_WARN_CONSTANT_CONVERSION = YES;
				CLANG_WARN_DEPRECATED_OBJC_IMPLEMENTATIONS = YES;
				CLANG_WARN_DIRECT_OBJC_ISA_USAGE = YES_ERROR;
				CLANG_WARN_DOCUMENTATION_COMMENTS = YES;
				CLANG_WARN_EMPTY_BODY = YES;
				CLANG_WARN_ENUM_CONVERSION = YES;
				CLANG_WARN_INFINITE_RECURSION = YES;
				CLANG_WARN_INT_CONVERSION = YES;
				CLANG_WARN_NON_LITERAL_NULL_CONVERSION = YES;
				CLANG_WARN_OBJC_IMPLICIT_RETAIN_SELF = YES;
				CLANG_WARN_OBJC_LITERAL_CONVERSION = YES;
				CLANG_WARN_OBJC_ROOT_CLASS = YES_ERROR;
				CLANG_WARN_QUOTED_INCLUDE_IN_FRAMEWORK_HEADER = YES;
				CLANG_WARN_RANGE_LOOP_ANALYSIS = YES;
				CLANG_WARN_STRICT_PROTOTYPES = YES;
				CLANG_WARN_SUSPICIOUS_MOVE = YES;
				CLANG_WARN_UNGUARDED_AVAILABILITY = YES_AGGRESSIVE;
				CLANG_WARN_UNREACHABLE_CODE = YES;
				CLANG_WARN__DUPLICATE_METHOD_MATCH = YES;
				COPY_PHASE_STRIP = NO;
				DEBUG_INFORMATION_FORMAT = "dwarf-with-dsym";
				ENABLE_NS_ASSERTIONS = NO;
				ENABLE_STRICT_OBJC_MSGSEND = YES;
				ENABLE_USER_SCRIPT_SANDBOXING = YES;
				GCC_C_LANGUAGE_STANDARD = gnu17;
				GCC_NO_COMMON_BLOCKS = YES;
				GCC_WARN_64_TO_32_BIT_CONVERSION = YES;
				GCC_WARN_ABOUT_RETURN_TYPE = YES_ERROR;
				GCC_WARN_UNDECLARED_SELECTOR = YES;
				GCC_WARN_UNINITIALIZED_AUTOS = YES_AGGRESSIVE;
				GCC_WARN_UNUSED_FUNCTION = YES;
				GCC_WARN_UNUSED_VARIABLE = YES;
				IPHONEOS_DEPLOYMENT_TARGET = 17.2;
				LOCALIZATION_PREFERS_STRING_CATALOGS = YES;
				MTL_ENABLE_DEBUG_INFO = NO;
				MTL_FAST_MATH = YES;
				SDKROOT = iphoneos;
				SWIFT_COMPILATION_MODE = wholemodule;
				VALIDATE_PRODUCT = YES;
			};
			name = Release;
		};
		94D69A832BC1334E0076C949 /* Debug */ = {
			isa = XCBuildConfiguration;
			buildSettings = {
				ASSETCATALOG_COMPILER_APPICON_NAME = AppIcon;
				ASSETCATALOG_COMPILER_GLOBAL_ACCENT_COLOR_NAME = AccentColor;
				CODE_SIGN_STYLE = Automatic;
				CURRENT_PROJECT_VERSION = 1;
				DEVELOPMENT_ASSET_PATHS = "\"effectmob/Preview Content\"";
				DEVELOPMENT_TEAM = U3CGT88S32;
				ENABLE_PREVIEWS = YES;
				GENERATE_INFOPLIST_FILE = YES;
				INFOPLIST_KEY_UIApplicationSceneManifest_Generation = YES;
				INFOPLIST_KEY_UIApplicationSupportsIndirectInputEvents = YES;
				INFOPLIST_KEY_UILaunchScreen_Generation = YES;
				INFOPLIST_KEY_UISupportedInterfaceOrientations_iPad = "UIInterfaceOrientationPortrait UIInterfaceOrientationPortraitUpsideDown UIInterfaceOrientationLandscapeLeft UIInterfaceOrientationLandscapeRight";
				INFOPLIST_KEY_UISupportedInterfaceOrientations_iPhone = "UIInterfaceOrientationPortrait UIInterfaceOrientationLandscapeLeft UIInterfaceOrientationLandscapeRight";
				LD_RUNPATH_SEARCH_PATHS = (
					"$(inherited)",
					"@executable_path/Frameworks",
				);
				MARKETING_VERSION = 1.0;
				PRODUCT_BUNDLE_IDENTIFIER = com.armeniaorg.effectmob;
				PRODUCT_NAME = "$(TARGET_NAME)";
				SWIFT_EMIT_LOC_STRINGS = YES;
				SWIFT_VERSION = 5.0;
				TARGETED_DEVICE_FAMILY = "1,2";
			};
			name = Debug;
		};
		94D69A842BC1334E0076C949 /* Release */ = {
			isa = XCBuildConfiguration;
			buildSettings = {
				ASSETCATALOG_COMPILER_APPICON_NAME = AppIcon;
				ASSETCATALOG_COMPILER_GLOBAL_ACCENT_COLOR_NAME = AccentColor;
				CODE_SIGN_STYLE = Automatic;
				CURRENT_PROJECT_VERSION = 1;
				DEVELOPMENT_ASSET_PATHS = "\"effectmob/Preview Content\"";
				DEVELOPMENT_TEAM = U3CGT88S32;
				ENABLE_PREVIEWS = YES;
				GENERATE_INFOPLIST_FILE = YES;
				INFOPLIST_KEY_UIApplicationSceneManifest_Generation = YES;
				INFOPLIST_KEY_UIApplicationSupportsIndirectInputEvents = YES;
				INFOPLIST_KEY_UILaunchScreen_Generation = YES;
				INFOPLIST_KEY_UISupportedInterfaceOrientations_iPad = "UIInterfaceOrientationPortrait UIInterfaceOrientationPortraitUpsideDown UIInterfaceOrientationLandscapeLeft UIInterfaceOrientationLandscapeRight";
				INFOPLIST_KEY_UISupportedInterfaceOrientations_iPhone = "UIInterfaceOrientationPortrait UIInterfaceOrientationLandscapeLeft UIInterfaceOrientationLandscapeRight";
				LD_RUNPATH_SEARCH_PATHS = (
					"$(inherited)",
					"@executable_path/Frameworks",
				);
				MARKETING_VERSION = 1.0;
				PRODUCT_BUNDLE_IDENTIFIER = com.armeniaorg.effectmob;
				PRODUCT_NAME = "$(TARGET_NAME)";
				SWIFT_EMIT_LOC_STRINGS = YES;
				SWIFT_VERSION = 5.0;
				TARGETED_DEVICE_FAMILY = "1,2";
			};
			name = Release;
		};
/* End XCBuildConfiguration section */

/* Begin XCConfigurationList section */
		94D69A6F2BC1334C0076C949 /* Build configuration list for PBXProject "effectmob" */ = {
			isa = XCConfigurationList;
			buildConfigurations = (
				94D69A802BC1334E0076C949 /* Debug */,
				94D69A812BC1334E0076C949 /* Release */,
			);
			defaultConfigurationIsVisible = 0;
			defaultConfigurationName = Release;
		};
		94D69A822BC1334E0076C949 /* Build configuration list for PBXNativeTarget "effectmob" */ = {
			isa = XCConfigurationList;
			buildConfigurations = (
				94D69A832BC1334E0076C949 /* Debug */,
				94D69A842BC1334E0076C949 /* Release */,
			);
			defaultConfigurationIsVisible = 0;
			defaultConfigurationName = Release;
		};
/* End XCConfigurationList section */
	};
	rootObject = 94D69A6C2BC1334C0076C949 /* Project object */;
}
